
Microsoft Visual Studio Solution File, Format Version 12.00
# Visual Studio Version 17
VisualStudioVersion = 17.0.32014.148
MinimumVisualStudioVersion = 10.0.40219.1
Project("{9A19103F-16F7-4668-BE54-9A1E7A4F7556}") = "TE_CSharp", "TE_CSharp.csproj", "{A1C0E02D-479C-4EDC-AFAE-E16E63B9A7E9}"
EndProject
Project("{9A19103F-16F7-4668-BE54-9A1E7A4F7556}") = "InternalDemo", "..\InternalDemo\InternalDemo.csproj", "{DF511183-30D5-4D93-A6BF-392C364FDD76}"
EndProject
Project("{FAE04EC0-301F-11D3-BF4B-00C04F79EFBC}") = "InternalDemo1", "..\InternalDemo1\InternalDemo1.csproj", "{A2BD52D0-D6BE-4B3F-B169-135212B483D0}"
EndProject
Global
	GlobalSection(SolutionConfigurationPlatforms) = preSolution
		Debug|Any CPU = Debug|Any CPU
		Release|Any CPU = Release|Any CPU
	EndGlobalSection
	GlobalSection(ProjectConfigurationPlatforms) = postSolution
		{A1C0E02D-479C-4EDC-AFAE-E16E63B9A7E9}.Debug|Any CPU.ActiveCfg = Debug|Any CPU
		{A1C0E02D-479C-4EDC-AFAE-E16E63B9A7E9}.Debug|Any CPU.Build.0 = Debug|Any CPU
		{A1C0E02D-479C-4EDC-AFAE-E16E63B9A7E9}.Release|Any CPU.ActiveCfg = Release|Any CPU
		{A1C0E02D-479C-4EDC-AFAE-E16E63B9A7E9}.Release|Any CPU.Build.0 = Release|Any CPU
		{DF511183-30D5-4D93-A6BF-392C364FDD76}.Debug|Any CPU.ActiveCfg = Debug|Any CPU
		{DF511183-30D5-4D93-A6BF-392C364FDD76}.Debug|Any CPU.Build.0 = Debug|Any CPU
		{DF511183-30D5-4D93-A6BF-392C364FDD76}.Release|Any CPU.ActiveCfg = Release|Any CPU
		{DF511183-30D5-4D93-A6BF-392C364FDD76}.Release|Any CPU.Build.0 = Release|Any CPU
		{A2BD52D0-D6BE-4B3F-B169-135212B483D0}.Debug|Any CPU.ActiveCfg = Debug|Any CPU
		{A2BD52D0-D6BE-4B3F-B169-135212B483D0}.Debug|Any CPU.Build.0 = Debug|Any CPU
		{A2BD52D0-D6BE-4B3F-B169-135212B483D0}.Release|Any CPU.ActiveCfg = Release|Any CPU
		{A2BD52D0-D6BE-4B3F-B169-135212B483D0}.Release|Any CPU.Build.0 = Release|Any CPU
	EndGlobalSection
	GlobalSection(SolutionProperties) = preSolution
		HideSolutionNode = FALSE
	EndGlobalSection
	GlobalSection(ExtensibilityGlobals) = postSolution
		SolutionGuid = {639CBAF6-D111-4ED1-A800-4304CF723604}
	EndGlobalSection
EndGlobal
